
Microsoft Visual Studio Solution File, Format Version 12.00
# Visual Studio Version 16
VisualStudioVersion = 16.0.30907.101
MinimumVisualStudioVersion = 10.0.40219.1
Project("{FAE04EC0-301F-11D3-BF4B-00C04F79EFBC}") = "AÑO BISIESTO", "AÑO BISIESTO.csproj", "{AA09B542-A66E-4179-A17F-5D03EBD270DF}"
EndProject
Global
	GlobalSection(SolutionConfigurationPlatforms) = preSolution
		Debug|Any CPU = Debug|Any CPU
		Release|Any CPU = Release|Any CPU
	EndGlobalSection
	GlobalSection(ProjectConfigurationPlatforms) = postSolution
		{AA09B542-A66E-4179-A17F-5D03EBD270DF}.Debug|Any CPU.ActiveCfg = Debug|Any CPU
		{AA09B542-A66E-4179-A17F-5D03EBD270DF}.Debug|Any CPU.Build.0 = Debug|Any CPU
		{AA09B542-A66E-4179-A17F-5D03EBD270DF}.Release|Any CPU.ActiveCfg = Release|Any CPU
		{AA09B542-A66E-4179-A17F-5D03EBD270DF}.Release|Any CPU.Build.0 = Release|Any CPU
	EndGlobalSection
	GlobalSection(SolutionProperties) = preSolution
		HideSolutionNode = FALSE
	EndGlobalSection
	GlobalSection(ExtensibilityGlobals) = postSolution
		SolutionGuid = {313B6E29-8B73-44E6-BCA0-FEF2393644B5}
	EndGlobalSection
EndGlobal
