
Microsoft Visual Studio Solution File, Format Version 12.00
# Visual Studio Version 16
VisualStudioVersion = 16.0.31019.35
MinimumVisualStudioVersion = 10.0.40219.1
Project("{FAE04EC0-301F-11D3-BF4B-00C04F79EFBC}") = "PRIMER_PARCIAL.Android", "PRIMER_PARCIAL.Android\PRIMER_PARCIAL.Android.csproj", "{BED49ADC-75C1-4FA3-A010-C01637E60C61}"
EndProject
Project("{FAE04EC0-301F-11D3-BF4B-00C04F79EFBC}") = "PRIMER_PARCIAL.iOS", "PRIMER_PARCIAL.iOS\PRIMER_PARCIAL.iOS.csproj", "{61D02BBF-AAB7-4439-AEFF-026B67F7703F}"
EndProject
Project("{FAE04EC0-301F-11D3-BF4B-00C04F79EFBC}") = "PRIMER_PARCIAL", "PRIMER_PARCIAL\PRIMER_PARCIAL.csproj", "{C8527EE8-96F1-4D5F-ABC6-20933F18ECE8}"
EndProject
Global
	GlobalSection(SolutionConfigurationPlatforms) = preSolution
		Debug|Any CPU = Debug|Any CPU
		Debug|iPhone = Debug|iPhone
		Debug|iPhoneSimulator = Debug|iPhoneSimulator
		Release|Any CPU = Release|Any CPU
		Release|iPhone = Release|iPhone
		Release|iPhoneSimulator = Release|iPhoneSimulator
	EndGlobalSection
	GlobalSection(ProjectConfigurationPlatforms) = postSolution
		{BED49ADC-75C1-4FA3-A010-C01637E60C61}.Debug|Any CPU.ActiveCfg = Debug|Any CPU
		{BED49ADC-75C1-4FA3-A010-C01637E60C61}.Debug|Any CPU.Build.0 = Debug|Any CPU
		{BED49ADC-75C1-4FA3-A010-C01637E60C61}.Debug|Any CPU.Deploy.0 = Debug|Any CPU
		{BED49ADC-75C1-4FA3-A010-C01637E60C61}.Debug|iPhone.ActiveCfg = Debug|Any CPU
		{BED49ADC-75C1-4FA3-A010-C01637E60C61}.Debug|iPhone.Build.0 = Debug|Any CPU
		{BED49ADC-75C1-4FA3-A010-C01637E60C61}.Debug|iPhone.Deploy.0 = Debug|Any CPU
		{BED49ADC-75C1-4FA3-A010-C01637E60C61}.Debug|iPhoneSimulator.ActiveCfg = Debug|Any CPU
		{BED49ADC-75C1-4FA3-A010-C01637E60C61}.Debug|iPhoneSimulator.Build.0 = Debug|Any CPU
		{BED49ADC-75C1-4FA3-A010-C01637E60C61}.Debug|iPhoneSimulator.Deploy.0 = Debug|Any CPU
		{BED49ADC-75C1-4FA3-A010-C01637E60C61}.Release|Any CPU.ActiveCfg = Release|Any CPU
		{BED49ADC-75C1-4FA3-A010-C01637E60C61}.Release|Any CPU.Build.0 = Release|Any CPU
		{BED49ADC-75C1-4FA3-A010-C01637E60C61}.Release|Any CPU.Deploy.0 = Release|Any CPU
		{BED49ADC-75C1-4FA3-A010-C01637E60C61}.Release|iPhone.ActiveCfg = Release|Any CPU
		{BED49ADC-75C1-4FA3-A010-C01637E60C61}.Release|iPhone.Build.0 = Release|Any CPU
		{BED49ADC-75C1-4FA3-A010-C01637E60C61}.Release|iPhone.Deploy.0 = Release|Any CPU
		{BED49ADC-75C1-4FA3-A010-C01637E60C61}.Release|iPhoneSimulator.ActiveCfg = Release|Any CPU
		{BED49ADC-75C1-4FA3-A010-C01637E60C61}.Release|iPhoneSimulator.Build.0 = Release|Any CPU
		{BED49ADC-75C1-4FA3-A010-C01637E60C61}.Release|iPhoneSimulator.Deploy.0 = Release|Any CPU
		{61D02BBF-AAB7-4439-AEFF-026B67F7703F}.Debug|Any CPU.ActiveCfg = Debug|iPhone
		{61D02BBF-AAB7-4439-AEFF-026B67F7703F}.Debug|Any CPU.Build.0 = Debug|iPhone
		{61D02BBF-AAB7-4439-AEFF-026B67F7703F}.Debug|Any CPU.Deploy.0 = Debug|iPhone
		{61D02BBF-AAB7-4439-AEFF-026B67F7703F}.Debug|iPhone.ActiveCfg = Debug|iPhone
		{61D02BBF-AAB7-4439-AEFF-026B67F7703F}.Debug|iPhone.Build.0 = Debug|iPhone
		{61D02BBF-AAB7-4439-AEFF-026B67F7703F}.Debug|iPhone.Deploy.0 = Debug|iPhone
		{61D02BBF-AAB7-4439-AEFF-026B67F7703F}.Debug|iPhoneSimulator.ActiveCfg = Debug|iPhoneSimulator
		{61D02BBF-AAB7-4439-AEFF-026B67F7703F}.Debug|iPhoneSimulator.Build.0 = Debug|iPhoneSimulator
		{61D02BBF-AAB7-4439-AEFF-026B67F7703F}.Debug|iPhoneSimulator.Deploy.0 = Debug|iPhoneSimulator
		{61D02BBF-AAB7-4439-AEFF-026B67F7703F}.Release|Any CPU.ActiveCfg = Release|iPhoneSimulator
		{61D02BBF-AAB7-4439-AEFF-026B67F7703F}.Release|Any CPU.Build.0 = Release|iPhoneSimulator
		{61D02BBF-AAB7-4439-AEFF-026B67F7703F}.Release|Any CPU.Deploy.0 = Release|iPhoneSimulator
		{61D02BBF-AAB7-4439-AEFF-026B67F7703F}.Release|iPhone.ActiveCfg = Release|iPhone
		{61D02BBF-AAB7-4439-AEFF-026B67F7703F}.Release|iPhone.Build.0 = Release|iPhone
		{61D02BBF-AAB7-4439-AEFF-026B67F7703F}.Release|iPhone.Deploy.0 = Release|iPhone
		{61D02BBF-AAB7-4439-AEFF-026B67F7703F}.Release|iPhoneSimulator.ActiveCfg = Release|iPhoneSimulator
		{61D02BBF-AAB7-4439-AEFF-026B67F7703F}.Release|iPhoneSimulator.Build.0 = Release|iPhoneSimulator
		{61D02BBF-AAB7-4439-AEFF-026B67F7703F}.Release|iPhoneSimulator.Deploy.0 = Release|iPhoneSimulator
		{C8527EE8-96F1-4D5F-ABC6-20933F18ECE8}.Debug|Any CPU.ActiveCfg = Debug|Any CPU
		{C8527EE8-96F1-4D5F-ABC6-20933F18ECE8}.Debug|Any CPU.Build.0 = Debug|Any CPU
		{C8527EE8-96F1-4D5F-ABC6-20933F18ECE8}.Debug|Any CPU.Deploy.0 = Debug|Any CPU
		{C8527EE8-96F1-4D5F-ABC6-20933F18ECE8}.Debug|iPhone.ActiveCfg = Debug|Any CPU
		{C8527EE8-96F1-4D5F-ABC6-20933F18ECE8}.Debug|iPhone.Build.0 = Debug|Any CPU
		{C8527EE8-96F1-4D5F-ABC6-20933F18ECE8}.Debug|iPhone.Deploy.0 = Debug|Any CPU
		{C8527EE8-96F1-4D5F-ABC6-20933F18ECE8}.Debug|iPhoneSimulator.ActiveCfg = Debug|Any CPU
		{C8527EE8-96F1-4D5F-ABC6-20933F18ECE8}.Debug|iPhoneSimulator.Build.0 = Debug|Any CPU
		{C8527EE8-96F1-4D5F-ABC6-20933F18ECE8}.Debug|iPhoneSimulator.Deploy.0 = Debug|Any CPU
		{C8527EE8-96F1-4D5F-ABC6-20933F18ECE8}.Release|Any CPU.ActiveCfg = Release|Any CPU
		{C8527EE8-96F1-4D5F-ABC6-20933F18ECE8}.Release|Any CPU.Build.0 = Release|Any CPU
		{C8527EE8-96F1-4D5F-ABC6-20933F18ECE8}.Release|Any CPU.Deploy.0 = Release|Any CPU
		{C8527EE8-96F1-4D5F-ABC6-20933F18ECE8}.Release|iPhone.ActiveCfg = Release|Any CPU
		{C8527EE8-96F1-4D5F-ABC6-20933F18ECE8}.Release|iPhone.Build.0 = Release|Any CPU
		{C8527EE8-96F1-4D5F-ABC6-20933F18ECE8}.Release|iPhone.Deploy.0 = Release|Any CPU
		{C8527EE8-96F1-4D5F-ABC6-20933F18ECE8}.Release|iPhoneSimulator.ActiveCfg = Release|Any CPU
		{C8527EE8-96F1-4D5F-ABC6-20933F18ECE8}.Release|iPhoneSimulator.Build.0 = Release|Any CPU
		{C8527EE8-96F1-4D5F-ABC6-20933F18ECE8}.Release|iPhoneSimulator.Deploy.0 = Release|Any CPU
	EndGlobalSection
	GlobalSection(SolutionProperties) = preSolution
		HideSolutionNode = FALSE
	EndGlobalSection
	GlobalSection(ExtensibilityGlobals) = postSolution
		SolutionGuid = {D300E7AF-A51E-48DA-9C6F-E683463787D9}
	EndGlobalSection
EndGlobal
