
Microsoft Visual Studio Solution File, Format Version 12.00
# Visual Studio Version 16
VisualStudioVersion = 16.0.30907.101
MinimumVisualStudioVersion = 10.0.40219.1
Project("{FAE04EC0-301F-11D3-BF4B-00C04F79EFBC}") = "SALARIO DE UN OBRERO", "SALARIO DE UN OBRERO.csproj", "{6917E0FA-2877-4D52-BE77-71B394540A6F}"
EndProject
Global
	GlobalSection(SolutionConfigurationPlatforms) = preSolution
		Debug|Any CPU = Debug|Any CPU
		Release|Any CPU = Release|Any CPU
	EndGlobalSection
	GlobalSection(ProjectConfigurationPlatforms) = postSolution
		{6917E0FA-2877-4D52-BE77-71B394540A6F}.Debug|Any CPU.ActiveCfg = Debug|Any CPU
		{6917E0FA-2877-4D52-BE77-71B394540A6F}.Debug|Any CPU.Build.0 = Debug|Any CPU
		{6917E0FA-2877-4D52-BE77-71B394540A6F}.Release|Any CPU.ActiveCfg = Release|Any CPU
		{6917E0FA-2877-4D52-BE77-71B394540A6F}.Release|Any CPU.Build.0 = Release|Any CPU
	EndGlobalSection
	GlobalSection(SolutionProperties) = preSolution
		HideSolutionNode = FALSE
	EndGlobalSection
	GlobalSection(ExtensibilityGlobals) = postSolution
		SolutionGuid = {84AC476C-05CE-43D3-B46E-A1BF87636BF4}
	EndGlobalSection
EndGlobal
