
Microsoft Visual Studio Solution File, Format Version 12.00
# Visual Studio Version 16
VisualStudioVersion = 16.0.30907.101
MinimumVisualStudioVersion = 10.0.40219.1
Project("{FAE04EC0-301F-11D3-BF4B-00C04F79EFBC}") = "FACTORIAL DE UN NUMERO", "FACTORIAL DE UN NUMERO.csproj", "{B4D5FBDF-24AA-4F44-8297-2BEED3F41F37}"
EndProject
Global
	GlobalSection(SolutionConfigurationPlatforms) = preSolution
		Debug|Any CPU = Debug|Any CPU
		Release|Any CPU = Release|Any CPU
	EndGlobalSection
	GlobalSection(ProjectConfigurationPlatforms) = postSolution
		{B4D5FBDF-24AA-4F44-8297-2BEED3F41F37}.Debug|Any CPU.ActiveCfg = Debug|Any CPU
		{B4D5FBDF-24AA-4F44-8297-2BEED3F41F37}.Debug|Any CPU.Build.0 = Debug|Any CPU
		{B4D5FBDF-24AA-4F44-8297-2BEED3F41F37}.Release|Any CPU.ActiveCfg = Release|Any CPU
		{B4D5FBDF-24AA-4F44-8297-2BEED3F41F37}.Release|Any CPU.Build.0 = Release|Any CPU
	EndGlobalSection
	GlobalSection(SolutionProperties) = preSolution
		HideSolutionNode = FALSE
	EndGlobalSection
	GlobalSection(ExtensibilityGlobals) = postSolution
		SolutionGuid = {92360AEC-0BF9-449B-ADEF-82548A0D4131}
	EndGlobalSection
EndGlobal
