
Microsoft Visual Studio Solution File, Format Version 12.00
# Visual Studio Version 16
VisualStudioVersion = 16.0.31112.23
MinimumVisualStudioVersion = 10.0.40219.1
Project("{FAE04EC0-301F-11D3-BF4B-00C04F79EFBC}") = "TAREA 10 PROGRA", "TAREA 10 PROGRA.csproj", "{2D0DB430-0AF2-4C43-B947-AD93203D8101}"
EndProject
Global
	GlobalSection(SolutionConfigurationPlatforms) = preSolution
		Debug|Any CPU = Debug|Any CPU
		Release|Any CPU = Release|Any CPU
	EndGlobalSection
	GlobalSection(ProjectConfigurationPlatforms) = postSolution
		{2D0DB430-0AF2-4C43-B947-AD93203D8101}.Debug|Any CPU.ActiveCfg = Debug|Any CPU
		{2D0DB430-0AF2-4C43-B947-AD93203D8101}.Debug|Any CPU.Build.0 = Debug|Any CPU
		{2D0DB430-0AF2-4C43-B947-AD93203D8101}.Release|Any CPU.ActiveCfg = Release|Any CPU
		{2D0DB430-0AF2-4C43-B947-AD93203D8101}.Release|Any CPU.Build.0 = Release|Any CPU
	EndGlobalSection
	GlobalSection(SolutionProperties) = preSolution
		HideSolutionNode = FALSE
	EndGlobalSection
	GlobalSection(ExtensibilityGlobals) = postSolution
		SolutionGuid = {27745A45-9A95-43A7-8678-EA8B65D149AC}
	EndGlobalSection
EndGlobal
