
Microsoft Visual Studio Solution File, Format Version 12.00
# Visual Studio Version 16
VisualStudioVersion = 16.0.30907.101
MinimumVisualStudioVersion = 10.0.40219.1
Project("{FAE04EC0-301F-11D3-BF4B-00C04F79EFBC}") = "PORCENTAJE", "PORCENTAJE.csproj", "{2B1F3F84-C475-4B54-80A9-A90990EA135F}"
EndProject
Global
	GlobalSection(SolutionConfigurationPlatforms) = preSolution
		Debug|Any CPU = Debug|Any CPU
		Release|Any CPU = Release|Any CPU
	EndGlobalSection
	GlobalSection(ProjectConfigurationPlatforms) = postSolution
		{2B1F3F84-C475-4B54-80A9-A90990EA135F}.Debug|Any CPU.ActiveCfg = Debug|Any CPU
		{2B1F3F84-C475-4B54-80A9-A90990EA135F}.Debug|Any CPU.Build.0 = Debug|Any CPU
		{2B1F3F84-C475-4B54-80A9-A90990EA135F}.Release|Any CPU.ActiveCfg = Release|Any CPU
		{2B1F3F84-C475-4B54-80A9-A90990EA135F}.Release|Any CPU.Build.0 = Release|Any CPU
	EndGlobalSection
	GlobalSection(SolutionProperties) = preSolution
		HideSolutionNode = FALSE
	EndGlobalSection
	GlobalSection(ExtensibilityGlobals) = postSolution
		SolutionGuid = {10F4FD1D-6972-4FD1-925B-2BF535BA58B8}
	EndGlobalSection
EndGlobal
