
Microsoft Visual Studio Solution File, Format Version 12.00
# Visual Studio Version 16
VisualStudioVersion = 16.0.30907.101
MinimumVisualStudioVersion = 10.0.40219.1
Project("{FAE04EC0-301F-11D3-BF4B-00C04F79EFBC}") = "CALCULAR PERIMETRO Y AREA", "CALCULAR PERIMETRO Y AREA.csproj", "{FE4A9C04-748F-4909-950C-C5D6569A73EE}"
EndProject
Global
	GlobalSection(SolutionConfigurationPlatforms) = preSolution
		Debug|Any CPU = Debug|Any CPU
		Release|Any CPU = Release|Any CPU
	EndGlobalSection
	GlobalSection(ProjectConfigurationPlatforms) = postSolution
		{FE4A9C04-748F-4909-950C-C5D6569A73EE}.Debug|Any CPU.ActiveCfg = Debug|Any CPU
		{FE4A9C04-748F-4909-950C-C5D6569A73EE}.Debug|Any CPU.Build.0 = Debug|Any CPU
		{FE4A9C04-748F-4909-950C-C5D6569A73EE}.Release|Any CPU.ActiveCfg = Release|Any CPU
		{FE4A9C04-748F-4909-950C-C5D6569A73EE}.Release|Any CPU.Build.0 = Release|Any CPU
	EndGlobalSection
	GlobalSection(SolutionProperties) = preSolution
		HideSolutionNode = FALSE
	EndGlobalSection
	GlobalSection(ExtensibilityGlobals) = postSolution
		SolutionGuid = {5E82CA0B-B090-4972-B16E-4C67745679E3}
	EndGlobalSection
EndGlobal
