
Microsoft Visual Studio Solution File, Format Version 12.00
# Visual Studio Version 16
VisualStudioVersion = 16.0.31025.194
MinimumVisualStudioVersion = 10.0.40219.1
Project("{FAE04EC0-301F-11D3-BF4B-00C04F79EFBC}") = "Toyota Yaris", "Toyota Yaris.csproj", "{A6A342B0-9B90-4076-BBD0-F75758A086A8}"
EndProject
Global
	GlobalSection(SolutionConfigurationPlatforms) = preSolution
		Debug|Any CPU = Debug|Any CPU
		Release|Any CPU = Release|Any CPU
	EndGlobalSection
	GlobalSection(ProjectConfigurationPlatforms) = postSolution
		{A6A342B0-9B90-4076-BBD0-F75758A086A8}.Debug|Any CPU.ActiveCfg = Debug|Any CPU
		{A6A342B0-9B90-4076-BBD0-F75758A086A8}.Debug|Any CPU.Build.0 = Debug|Any CPU
		{A6A342B0-9B90-4076-BBD0-F75758A086A8}.Release|Any CPU.ActiveCfg = Release|Any CPU
		{A6A342B0-9B90-4076-BBD0-F75758A086A8}.Release|Any CPU.Build.0 = Release|Any CPU
	EndGlobalSection
	GlobalSection(SolutionProperties) = preSolution
		HideSolutionNode = FALSE
	EndGlobalSection
	GlobalSection(ExtensibilityGlobals) = postSolution
		SolutionGuid = {861C9723-40C9-4EF5-927C-32789B7F96CE}
	EndGlobalSection
EndGlobal
