
Microsoft Visual Studio Solution File, Format Version 12.00
# Visual Studio Version 16
VisualStudioVersion = 16.0.30907.101
MinimumVisualStudioVersion = 10.0.40219.1
Project("{FAE04EC0-301F-11D3-BF4B-00C04F79EFBC}") = "DIAS DE LA SEMANA", "DIAS DE LA SEMANA.csproj", "{B4C10F64-6DCB-429B-88BE-304BEEE1EA1D}"
EndProject
Global
	GlobalSection(SolutionConfigurationPlatforms) = preSolution
		Debug|Any CPU = Debug|Any CPU
		Release|Any CPU = Release|Any CPU
	EndGlobalSection
	GlobalSection(ProjectConfigurationPlatforms) = postSolution
		{B4C10F64-6DCB-429B-88BE-304BEEE1EA1D}.Debug|Any CPU.ActiveCfg = Debug|Any CPU
		{B4C10F64-6DCB-429B-88BE-304BEEE1EA1D}.Debug|Any CPU.Build.0 = Debug|Any CPU
		{B4C10F64-6DCB-429B-88BE-304BEEE1EA1D}.Release|Any CPU.ActiveCfg = Release|Any CPU
		{B4C10F64-6DCB-429B-88BE-304BEEE1EA1D}.Release|Any CPU.Build.0 = Release|Any CPU
	EndGlobalSection
	GlobalSection(SolutionProperties) = preSolution
		HideSolutionNode = FALSE
	EndGlobalSection
	GlobalSection(ExtensibilityGlobals) = postSolution
		SolutionGuid = {D95E9D1C-0B1C-4C27-9508-85CF1303084D}
	EndGlobalSection
EndGlobal
